<?xml version="1.0" encoding="utf-8"?>
<Project ToolsVersion="4.0" xmlns="http://schemas.microsoft.com/developer/msbuild/2003">
  <ItemGroup>
    <Filter Include="Source Files">
      <UniqueIdentifier>{4FC737F1-C7A5-4376-A066-2A32D752A2FF}</UniqueIdentifier>
      <Extensions>cpp;c;cc;cxx;def;odl;idl;hpj;bat;asm;asmx</Extensions>
    </Filter>
    <Filter Include="Header Files">
      <UniqueIdentifier>{93995380-89BD-4b04-88EB-625FBE52EBFB}</UniqueIdentifier>
      <Extensions>h;hh;hpp;hxx;hm;inl;inc;xsd</Extensions>
    </Filter>
    <Filter Include="Resource Files">
      <UniqueIdentifier>{67DA6AB6-F800-4c08-8B7A-83BB121AAD01}</UniqueIdentifier>
      <Extensions>rc;ico;cur;bmp;dlg;rc2;rct;bin;rgs;gif;jpg;jpeg;jpe;resx;tiff;tif;png;wav;mfcribbon-ms</Extensions>
    </Filter>
    <Filter Include="Header Files\Components">
      <UniqueIdentifier>{3e62c340-eeb5-4317-8116-bc008be052c9}</UniqueIdentifier>
    </Filter>
    <Filter Include="Header Files\Messages">
      <UniqueIdentifier>{75d6fb43-b169-481b-bb3a-ad5e9ef22867}</UniqueIdentifier>
    </Filter>
    <Filter Include="Header Files\Managers">
      <UniqueIdentifier>{387bf0b7-2cd7-4f2d-87b8-ed3ad93f2f34}</UniqueIdentifier>
    </Filter>
    <Filter Include="Header Files\Entities">
      <UniqueIdentifier>{02924064-e9bd-4528-8095-d4d7c304cf04}</UniqueIdentifier>
    </Filter>
    <Filter Include="Header Files\Utilities">
      <UniqueIdentifier>{bbb4622f-2aa2-4638-bb77-402f0d48d553}</UniqueIdentifier>
    </Filter>
    <Filter Include="Header Files\Misc">
      <UniqueIdentifier>{2f5a8a12-5ddb-43fa-8c7e-9c2ef626ae3d}</UniqueIdentifier>
    </Filter>
    <Filter Include="Header Files\Widgets">
      <UniqueIdentifier>{b2ec7211-510c-440d-b240-d5a90eee4f63}</UniqueIdentifier>
    </Filter>
    <Filter Include="Source Files\Components">
      <UniqueIdentifier>{24a16513-2b74-4419-be49-1851189d4a9e}</UniqueIdentifier>
    </Filter>
    <Filter Include="Source Files\Messages">
      <UniqueIdentifier>{04b435be-bba3-4255-b80d-f49f9b106ada}</UniqueIdentifier>
    </Filter>
    <Filter Include="Source Files\Managers">
      <UniqueIdentifier>{9ad08d3d-04df-4a45-884b-582ea91769d4}</UniqueIdentifier>
    </Filter>
    <Filter Include="Source Files\Entities">
      <UniqueIdentifier>{5b7b9e0d-46a1-4d61-8df9-9251cc83d45c}</UniqueIdentifier>
    </Filter>
    <Filter Include="Source Files\Misc">
      <UniqueIdentifier>{9fe1462c-ec88-4feb-868f-7ac80eb02dc6}</UniqueIdentifier>
    </Filter>
    <Filter Include="Source Files\Widgets">
      <UniqueIdentifier>{36557fb4-cdc7-4e13-b9df-8d6fe916f049}</UniqueIdentifier>
    </Filter>
    <Filter Include="Source Files\Utilities">
      <UniqueIdentifier>{9bd58c56-f99d-423b-935b-b2731a73842a}</UniqueIdentifier>
    </Filter>
  </ItemGroup>
  <ItemGroup>
    <ClCompile Include="..\..\common\example.cpp">
      <Filter>Source Files</Filter>
    </ClCompile>
    <ClCompile Include="CollisionComponent.cpp">
      <Filter>Source Files\Components</Filter>
    </ClCompile>
    <ClCompile Include="MovementComponent.cpp">
      <Filter>Source Files\Components</Filter>
    </ClCompile>
    <ClCompile Include="RenderComponent.cpp">
      <Filter>Source Files\Components</Filter>
    </ClCompile>
    <ClCompile Include="Component.cpp">
      <Filter>Source Files\Components</Filter>
    </ClCompile>
    <ClCompile Include="CollisionMessage.cpp">
      <Filter>Source Files\Messages</Filter>
    </ClCompile>
    <ClCompile Include="MovementMessage.cpp">
      <Filter>Source Files\Messages</Filter>
    </ClCompile>
    <ClCompile Include="Message.cpp">
      <Filter>Source Files\Messages</Filter>
    </ClCompile>
    <ClCompile Include="Background.cpp">
      <Filter>Source Files\Misc</Filter>
    </ClCompile>
    <ClCompile Include="Ball.cpp">
      <Filter>Source Files\Entities</Filter>
    </ClCompile>
    <ClCompile Include="..\..\common\core.cpp">
      <Filter>Source Files\Utilities</Filter>
    </ClCompile>
    <ClCompile Include="CursorWidget.cpp">
      <Filter>Source Files\Widgets</Filter>
    </ClCompile>
    <ClCompile Include="Entity.cpp">
      <Filter>Source Files\Entities</Filter>
    </ClCompile>
    <ClCompile Include="..\..\common\font.cpp">
      <Filter>Source Files\Utilities</Filter>
    </ClCompile>
    <ClCompile Include="GameManager.cpp">
      <Filter>Source Files\Managers</Filter>
    </ClCompile>
    <ClCompile Include="ImageWidget.cpp">
      <Filter>Source Files\Widgets</Filter>
    </ClCompile>
    <ClCompile Include="TextWidget.cpp">
      <Filter>Source Files\Widgets</Filter>
    </ClCompile>
    <ClCompile Include="InputManager.cpp">
      <Filter>Source Files\Managers</Filter>
    </ClCompile>
    <ClCompile Include="..\..\common\lodepng.cpp">
      <Filter>Source Files\Utilities</Filter>
    </ClCompile>
    <ClCompile Include="..\..\common\stdafx.cpp">
      <Filter>Source Files\Utilities</Filter>
    </ClCompile>
    <ClCompile Include="..\..\common\sys_win.cpp">
      <Filter>Source Files\Utilities</Filter>
    </ClCompile>
    <ClCompile Include="Sprite.cpp">
      <Filter>Source Files\Misc</Filter>
    </ClCompile>
    <ClCompile Include="World.cpp">
      <Filter>Source Files\Misc</Filter>
    </ClCompile>
    <ClCompile Include="WorldManager.cpp">
      <Filter>Source Files\Managers</Filter>
    </ClCompile>
    <ClCompile Include="TimerManager.cpp">
      <Filter>Source Files\Managers</Filter>
    </ClCompile>
    <ClCompile Include="UIManager.cpp">
      <Filter>Source Files\Managers</Filter>
    </ClCompile>
    <ClCompile Include="RenderManager.cpp">
      <Filter>Source Files\Managers</Filter>
    </ClCompile>
    <ClCompile Include="Widget.cpp">
      <Filter>Source Files\Widgets</Filter>
    </ClCompile>
    <ClCompile Include="ButtonWidget.cpp">
      <Filter>Source Files\Widgets</Filter>
    </ClCompile>
    <ClCompile Include="Actor.cpp">
      <Filter>Source Files\Entities</Filter>
    </ClCompile>
    <ClCompile Include="Solid.cpp">
      <Filter>Source Files\Entities</Filter>
    </ClCompile>
    <ClCompile Include="Player.cpp">
      <Filter>Source Files\Entities</Filter>
    </ClCompile>
    <ClCompile Include="Wall.cpp">
      <Filter>Source Files\Entities</Filter>
    </ClCompile>
    <ClCompile Include="Harpoon.cpp">
      <Filter>Source Files\Entities</Filter>
    </ClCompile>
    <ClCompile Include="HarpoonBody.cpp">
      <Filter>Source Files\Entities</Filter>
    </ClCompile>
    <ClCompile Include="CircleCollisionComponent.cpp">
      <Filter>Source Files\Components</Filter>
    </ClCompile>
    <ClCompile Include="BoxCollisionComponent.cpp">
      <Filter>Source Files\Components</Filter>
    </ClCompile>
    <ClCompile Include="Animation.cpp">
      <Filter>Source Files\Components</Filter>
    </ClCompile>
    <ClCompile Include="Stair.cpp">
      <Filter>Source Files</Filter>
    </ClCompile>
  </ItemGroup>
  <ItemGroup>
    <ClInclude Include="Widget.h">
      <Filter>Header Files\Widgets</Filter>
    </ClInclude>
    <ClInclude Include="TextWidget.h">
      <Filter>Header Files\Widgets</Filter>
    </ClInclude>
    <ClInclude Include="ImageWidget.h">
      <Filter>Header Files\Widgets</Filter>
    </ClInclude>
    <ClInclude Include="CursorWidget.h">
      <Filter>Header Files\Widgets</Filter>
    </ClInclude>
    <ClInclude Include="CollisionComponent.h">
      <Filter>Header Files\Components</Filter>
    </ClInclude>
    <ClInclude Include="MovementComponent.h">
      <Filter>Header Files\Components</Filter>
    </ClInclude>
    <ClInclude Include="RenderComponent.h">
      <Filter>Header Files\Components</Filter>
    </ClInclude>
    <ClInclude Include="Component.h">
      <Filter>Header Files\Components</Filter>
    </ClInclude>
    <ClInclude Include="Message.h">
      <Filter>Header Files\Messages</Filter>
    </ClInclude>
    <ClInclude Include="MovementMessage.h">
      <Filter>Header Files\Messages</Filter>
    </ClInclude>
    <ClInclude Include="CollisionMessage.h">
      <Filter>Header Files\Messages</Filter>
    </ClInclude>
    <ClInclude Include="UIManager.h">
      <Filter>Header Files\Managers</Filter>
    </ClInclude>
    <ClInclude Include="WorldManager.h">
      <Filter>Header Files\Managers</Filter>
    </ClInclude>
    <ClInclude Include="InputManager.h">
      <Filter>Header Files\Managers</Filter>
    </ClInclude>
    <ClInclude Include="GameManager.h">
      <Filter>Header Files\Managers</Filter>
    </ClInclude>
    <ClInclude Include="RenderManager.h">
      <Filter>Header Files\Managers</Filter>
    </ClInclude>
    <ClInclude Include="TimerManager.h">
      <Filter>Header Files\Managers</Filter>
    </ClInclude>
    <ClInclude Include="Entity.h">
      <Filter>Header Files\Entities</Filter>
    </ClInclude>
    <ClInclude Include="Ball.h">
      <Filter>Header Files\Entities</Filter>
    </ClInclude>
    <ClInclude Include="..\..\common\core.h">
      <Filter>Header Files\Utilities</Filter>
    </ClInclude>
    <ClInclude Include="..\..\common\font.h">
      <Filter>Header Files\Utilities</Filter>
    </ClInclude>
    <ClInclude Include="..\..\common\stdafx.h">
      <Filter>Header Files\Utilities</Filter>
    </ClInclude>
    <ClInclude Include="..\..\common\sys.h">
      <Filter>Header Files\Utilities</Filter>
    </ClInclude>
    <ClInclude Include="..\..\common\lodepng.h">
      <Filter>Header Files\Utilities</Filter>
    </ClInclude>
    <ClInclude Include="..\..\common\vector2d.h">
      <Filter>Header Files\Utilities</Filter>
    </ClInclude>
    <ClInclude Include="Sprite.h">
      <Filter>Header Files\Misc</Filter>
    </ClInclude>
    <ClInclude Include="Background.h">
      <Filter>Header Files\Misc</Filter>
    </ClInclude>
    <ClInclude Include="World.h">
      <Filter>Header Files\Misc</Filter>
    </ClInclude>
    <ClInclude Include="Globals.h">
      <Filter>Header Files\Utilities</Filter>
    </ClInclude>
    <ClInclude Include="ButtonWidget.h">
      <Filter>Header Files\Widgets</Filter>
    </ClInclude>
    <ClInclude Include="Actor.h">
      <Filter>Header Files\Entities</Filter>
    </ClInclude>
    <ClInclude Include="Player.h">
      <Filter>Header Files\Entities</Filter>
    </ClInclude>
    <ClInclude Include="Solid.h">
      <Filter>Header Files\Entities</Filter>
    </ClInclude>
    <ClInclude Include="Wall.h">
      <Filter>Header Files\Entities</Filter>
    </ClInclude>
    <ClInclude Include="BoxCollisionComponent.h">
      <Filter>Header Files\Components</Filter>
    </ClInclude>
    <ClInclude Include="CircleCollisionComponent.h">
      <Filter>Header Files\Components</Filter>
    </ClInclude>
    <ClInclude Include="Harpoon.h">
      <Filter>Header Files\Entities</Filter>
    </ClInclude>
    <ClInclude Include="HarpoonBody.h">
      <Filter>Header Files\Entities</Filter>
    </ClInclude>
    <ClInclude Include="Animation.h">
      <Filter>Header Files\Components</Filter>
    </ClInclude>
    <ClInclude Include="Stair.h">
      <Filter>Header Files</Filter>
    </ClInclude>
  </ItemGroup>
</Project>